
Microsoft Visual Studio Solution File, Format Version 12.00
# Visual Studio Version 16
VisualStudioVersion = 16.0.29424.173
MinimumVisualStudioVersion = 10.0.40219.1
Project("{FAE04EC0-301F-11D3-BF4B-00C04F79EFBC}") = "GildedRose", "GildedRose\GildedRose.csproj", "{B05EB5F4-0921-46AC-945C-F93362D134C8}"
EndProject
Project("{FAE04EC0-301F-11D3-BF4B-00C04F79EFBC}") = "GildedRose.Tests", "GildedRose.Tests\GildedRose.Tests.csproj", "{04FA6CD6-03D4-43A3-ABD8-165FF710B733}"
EndProject
Global
	GlobalSection(SolutionConfigurationPlatforms) = preSolution
		Debug|Any CPU = Debug|Any CPU
		Release|Any CPU = Release|Any CPU
	EndGlobalSection
	GlobalSection(ProjectConfigurationPlatforms) = postSolution
		{B05EB5F4-0921-46AC-945C-F93362D134C8}.Debug|Any CPU.ActiveCfg = Debug|Any CPU
		{B05EB5F4-0921-46AC-945C-F93362D134C8}.Debug|Any CPU.Build.0 = Debug|Any CPU
		{B05EB5F4-0921-46AC-945C-F93362D134C8}.Release|Any CPU.ActiveCfg = Release|Any CPU
		{B05EB5F4-0921-46AC-945C-F93362D134C8}.Release|Any CPU.Build.0 = Release|Any CPU
		{04FA6CD6-03D4-43A3-ABD8-165FF710B733}.Debug|Any CPU.ActiveCfg = Debug|Any CPU
		{04FA6CD6-03D4-43A3-ABD8-165FF710B733}.Debug|Any CPU.Build.0 = Debug|Any CPU
		{04FA6CD6-03D4-43A3-ABD8-165FF710B733}.Release|Any CPU.ActiveCfg = Release|Any CPU
		{04FA6CD6-03D4-43A3-ABD8-165FF710B733}.Release|Any CPU.Build.0 = Release|Any CPU
	EndGlobalSection
	GlobalSection(SolutionProperties) = preSolution
		HideSolutionNode = FALSE
	EndGlobalSection
	GlobalSection(ExtensibilityGlobals) = postSolution
		SolutionGuid = {1A3A6AFE-C587-4D7F-BA31-22714B952E50}
	EndGlobalSection
EndGlobal
